// !$*UTF8*$!
{
	archiveVersion = 1;
	classes = {
	};
	objectVersion = 56;
	objects = {

/* Begin PBXBuildFile section */
		64019CA82CABD81900C87402 /* AppDelegate.swift in Sources */ = {isa = PBXBuildFile; fileRef = 64019CA72CABD81900C87402 /* AppDelegate.swift */; };
		64019CAA2CABD81900C87402 /* SceneDelegate.swift in Sources */ = {isa = PBXBuildFile; fileRef = 64019CA92CABD81900C87402 /* SceneDelegate.swift */; };
		64019CAC2CABD81900C87402 /* ViewController.swift in Sources */ = {isa = PBXBuildFile; fileRef = 64019CAB2CABD81900C87402 /* ViewController.swift */; };
		64019CAF2CABD81900C87402 /* Base in Resources */ = {isa = PBXBuildFile; fileRef = 64019CAE2CABD81900C87402 /* Base */; };
		64019CB12CABD81B00C87402 /* Assets.xcassets in Resources */ = {isa = PBXBuildFile; fileRef = 64019CB02CABD81B00C87402 /* Assets.xcassets */; };
		64019CB42CABD81B00C87402 /* Base in Resources */ = {isa = PBXBuildFile; fileRef = 64019CB32CABD81B00C87402 /* Base */; };
		64019CBC2CABD83000C87402 /* SwiftUIView.swift in Sources */ = {isa = PBXBuildFile; fileRef = 64019CBB2CABD83000C87402 /* SwiftUIView.swift */; };
		64019CC42CABFE9D00C87402 /* GoogleService-Info.plist in Resources */ = {isa = PBXBuildFile; fileRef = 64019CC32CABFE9D00C87402 /* GoogleService-Info.plist */; };
		64019CD02CAC0A3F00C87402 /* SdkPushExpress in Frameworks */ = {isa = PBXBuildFile; productRef = 64019CCF2CAC0A3F00C87402 /* SdkPushExpress */; };
		6412C7892CB407E800A0ACCD /* NotificationService.swift in Sources */ = {isa = PBXBuildFile; fileRef = 6412C7882CB407E800A0ACCD /* NotificationService.swift */; };
		6412C78D2CB407E800A0ACCD /* notificationsvc.appex in Embed Foundation Extensions */ = {isa = PBXBuildFile; fileRef = 6412C7862CB407E800A0ACCD /* notificationsvc.appex */; settings = {ATTRIBUTES = (RemoveHeadersOnCopy, ); }; };
		6412C7922CB4080000A0ACCD /* SdkPushExpress in Frameworks */ = {isa = PBXBuildFile; productRef = 6412C7912CB4080000A0ACCD /* SdkPushExpress */; };
		CA9D20D56B3B0774E656930B /* Pods_pushExpressTest.framework in Frameworks */ = {isa = PBXBuildFile; fileRef = 742FBF770E0F75DD35ECF19B /* Pods_pushExpressTest.framework */; };
/* End PBXBuildFile section */

/* Begin PBXContainerItemProxy section */
		6412C78B2CB407E800A0ACCD /* PBXContainerItemProxy */ = {
			isa = PBXContainerItemProxy;
			containerPortal = 64019C9C2CABD81900C87402 /* Project object */;
			proxyType = 1;
			remoteGlobalIDString = 6412C7852CB407E800A0ACCD;
			remoteInfo = notificationsvc;
		};
/* End PBXContainerItemProxy section */

/* Begin PBXCopyFilesBuildPhase section */
		6412C77E2CB407A700A0ACCD /* Embed Foundation Extensions */ = {
			isa = PBXCopyFilesBuildPhase;
			buildActionMask = 2147483647;
			dstPath = "";
			dstSubfolderSpec = 13;
			files = (
				6412C78D2CB407E800A0ACCD /* notificationsvc.appex in Embed Foundation Extensions */,
			);
			name = "Embed Foundation Extensions";
			runOnlyForDeploymentPostprocessing = 0;
		};
/* End PBXCopyFilesBuildPhase section */

/* Begin PBXFileReference section */
		31A1C0B70654355D7613C0BF /* Pods-pushExpressTest.debug.xcconfig */ = {isa = PBXFileReference; includeInIndex = 1; lastKnownFileType = text.xcconfig; name = "Pods-pushExpressTest.debug.xcconfig"; path = "Target Support Files/Pods-pushExpressTest/Pods-pushExpressTest.debug.xcconfig"; sourceTree = "<group>"; };
		4930842A1FB7ED0C05E48158 /* Pods-pushExpressTest.release.xcconfig */ = {isa = PBXFileReference; includeInIndex = 1; lastKnownFileType = text.xcconfig; name = "Pods-pushExpressTest.release.xcconfig"; path = "Target Support Files/Pods-pushExpressTest/Pods-pushExpressTest.release.xcconfig"; sourceTree = "<group>"; };
		64019CA42CABD81900C87402 /* pushExpressTest.app */ = {isa = PBXFileReference; explicitFileType = wrapper.application; includeInIndex = 0; path = pushExpressTest.app; sourceTree = BUILT_PRODUCTS_DIR; };
		64019CA72CABD81900C87402 /* AppDelegate.swift */ = {isa = PBXFileReference; lastKnownFileType = sourcecode.swift; path = AppDelegate.swift; sourceTree = "<group>"; };
		64019CA92CABD81900C87402 /* SceneDelegate.swift */ = {isa = PBXFileReference; lastKnownFileType = sourcecode.swift; path = SceneDelegate.swift; sourceTree = "<group>"; };
		64019CAB2CABD81900C87402 /* ViewController.swift */ = {isa = PBXFileReference; lastKnownFileType = sourcecode.swift; path = ViewController.swift; sourceTree = "<group>"; };
		64019CAE2CABD81900C87402 /* Base */ = {isa = PBXFileReference; lastKnownFileType = file.storyboard; name = Base; path = Base.lproj/Main.storyboard; sourceTree = "<group>"; };
		64019CB02CABD81B00C87402 /* Assets.xcassets */ = {isa = PBXFileReference; lastKnownFileType = folder.assetcatalog; path = Assets.xcassets; sourceTree = "<group>"; };
		64019CB32CABD81B00C87402 /* Base */ = {isa = PBXFileReference; lastKnownFileType = file.storyboard; name = Base; path = Base.lproj/LaunchScreen.storyboard; sourceTree = "<group>"; };
		64019CB52CABD81B00C87402 /* Info.plist */ = {isa = PBXFileReference; lastKnownFileType = text.plist.xml; path = Info.plist; sourceTree = "<group>"; };
		64019CBB2CABD83000C87402 /* SwiftUIView.swift */ = {isa = PBXFileReference; lastKnownFileType = sourcecode.swift; path = SwiftUIView.swift; sourceTree = "<group>"; };
		64019CC22CABFE7700C87402 /* pushExpressTest.entitlements */ = {isa = PBXFileReference; lastKnownFileType = text.plist.entitlements; path = pushExpressTest.entitlements; sourceTree = "<group>"; };
		64019CC32CABFE9D00C87402 /* GoogleService-Info.plist */ = {isa = PBXFileReference; fileEncoding = 4; lastKnownFileType = text.plist.xml; path = "GoogleService-Info.plist"; sourceTree = "<group>"; };
		6412C7862CB407E800A0ACCD /* notificationsvc.appex */ = {isa = PBXFileReference; explicitFileType = "wrapper.app-extension"; includeInIndex = 0; path = notificationsvc.appex; sourceTree = BUILT_PRODUCTS_DIR; };
		6412C7882CB407E800A0ACCD /* NotificationService.swift */ = {isa = PBXFileReference; lastKnownFileType = sourcecode.swift; path = NotificationService.swift; sourceTree = "<group>"; };
		6412C78A2CB407E800A0ACCD /* Info.plist */ = {isa = PBXFileReference; lastKnownFileType = text.plist.xml; path = Info.plist; sourceTree = "<group>"; };
		742FBF770E0F75DD35ECF19B /* Pods_pushExpressTest.framework */ = {isa = PBXFileReference; explicitFileType = wrapper.framework; includeInIndex = 0; path = Pods_pushExpressTest.framework; sourceTree = BUILT_PRODUCTS_DIR; };
/* End PBXFileReference section */

/* Begin PBXFrameworksBuildPhase section */
		64019CA12CABD81900C87402 /* Frameworks */ = {
			isa = PBXFrameworksBuildPhase;
			buildActionMask = 2147483647;
			files = (
				64019CD02CAC0A3F00C87402 /* SdkPushExpress in Frameworks */,
				CA9D20D56B3B0774E656930B /* Pods_pushExpressTest.framework in Frameworks */,
			);
			runOnlyForDeploymentPostprocessing = 0;
		};
		6412C7832CB407E800A0ACCD /* Frameworks */ = {
			isa = PBXFrameworksBuildPhase;
			buildActionMask = 2147483647;
			files = (
				6412C7922CB4080000A0ACCD /* SdkPushExpress in Frameworks */,
			);
			runOnlyForDeploymentPostprocessing = 0;
		};
/* End PBXFrameworksBuildPhase section */

/* Begin PBXGroup section */
		093664A66341B02CD89DCB16 /* Pods */ = {
			isa = PBXGroup;
			children = (
				31A1C0B70654355D7613C0BF /* Pods-pushExpressTest.debug.xcconfig */,
				4930842A1FB7ED0C05E48158 /* Pods-pushExpressTest.release.xcconfig */,
			);
			path = Pods;
			sourceTree = "<group>";
		};
		4135B19593EE6C7CAADE3F09 /* Frameworks */ = {
			isa = PBXGroup;
			children = (
				742FBF770E0F75DD35ECF19B /* Pods_pushExpressTest.framework */,
			);
			name = Frameworks;
			sourceTree = "<group>";
		};
		64019C9B2CABD81900C87402 = {
			isa = PBXGroup;
			children = (
				64019CA62CABD81900C87402 /* pushExpressTest */,
				6412C7872CB407E800A0ACCD /* notificationsvc */,
				64019CA52CABD81900C87402 /* Products */,
				093664A66341B02CD89DCB16 /* Pods */,
				4135B19593EE6C7CAADE3F09 /* Frameworks */,
			);
			sourceTree = "<group>";
		};
		64019CA52CABD81900C87402 /* Products */ = {
			isa = PBXGroup;
			children = (
				64019CA42CABD81900C87402 /* pushExpressTest.app */,
				6412C7862CB407E800A0ACCD /* notificationsvc.appex */,
			);
			name = Products;
			sourceTree = "<group>";
		};
		64019CA62CABD81900C87402 /* pushExpressTest */ = {
			isa = PBXGroup;
			children = (
				64019CC32CABFE9D00C87402 /* GoogleService-Info.plist */,
				64019CC22CABFE7700C87402 /* pushExpressTest.entitlements */,
				64019CC12CABF8EA00C87402 /* MAIN */,
				64019CC02CABF8E400C87402 /* APP */,
				64019CAD2CABD81900C87402 /* Main.storyboard */,
				64019CB02CABD81B00C87402 /* Assets.xcassets */,
				64019CB22CABD81B00C87402 /* LaunchScreen.storyboard */,
				64019CB52CABD81B00C87402 /* Info.plist */,
			);
			path = pushExpressTest;
			sourceTree = "<group>";
		};
		64019CC02CABF8E400C87402 /* APP */ = {
			isa = PBXGroup;
			children = (
				64019CA72CABD81900C87402 /* AppDelegate.swift */,
				64019CA92CABD81900C87402 /* SceneDelegate.swift */,
				64019CAB2CABD81900C87402 /* ViewController.swift */,
			);
			path = APP;
			sourceTree = "<group>";
		};
		64019CC12CABF8EA00C87402 /* MAIN */ = {
			isa = PBXGroup;
			children = (
				64019CBB2CABD83000C87402 /* SwiftUIView.swift */,
			);
			path = MAIN;
			sourceTree = "<group>";
		};
		6412C7872CB407E800A0ACCD /* notificationsvc */ = {
			isa = PBXGroup;
			children = (
				6412C7882CB407E800A0ACCD /* NotificationService.swift */,
				6412C78A2CB407E800A0ACCD /* Info.plist */,
			);
			path = notificationsvc;
			sourceTree = "<group>";
		};
/* End PBXGroup section */

/* Begin PBXNativeTarget section */
		64019CA32CABD81900C87402 /* pushExpressTest */ = {
			isa = PBXNativeTarget;
			buildConfigurationList = 64019CB82CABD81B00C87402 /* Build configuration list for PBXNativeTarget "pushExpressTest" */;
			buildPhases = (
				F82BAE9A9813469C0D3137BE /* [CP] Check Pods Manifest.lock */,
				64019CA02CABD81900C87402 /* Sources */,
				64019CA12CABD81900C87402 /* Frameworks */,
				64019CA22CABD81900C87402 /* Resources */,
				32138AF329F7A954C0CA7D1F /* [CP] Embed Pods Frameworks */,
				6412C77E2CB407A700A0ACCD /* Embed Foundation Extensions */,
			);
			buildRules = (
			);
			dependencies = (
				6412C78C2CB407E800A0ACCD /* PBXTargetDependency */,
			);
			name = pushExpressTest;
			packageProductDependencies = (
				64019CCF2CAC0A3F00C87402 /* SdkPushExpress */,
			);
			productName = pushExpressTest;
			productReference = 64019CA42CABD81900C87402 /* pushExpressTest.app */;
			productType = "com.apple.product-type.application";
		};
		6412C7852CB407E800A0ACCD /* notificationsvc */ = {
			isa = PBXNativeTarget;
			buildConfigurationList = 6412C78E2CB407E800A0ACCD /* Build configuration list for PBXNativeTarget "notificationsvc" */;
			buildPhases = (
				6412C7822CB407E800A0ACCD /* Sources */,
				6412C7832CB407E800A0ACCD /* Frameworks */,
				6412C7842CB407E800A0ACCD /* Resources */,
			);
			buildRules = (
			);
			dependencies = (
			);
			name = notificationsvc;
			packageProductDependencies = (
				6412C7912CB4080000A0ACCD /* SdkPushExpress */,
			);
			productName = notificationsvc;
			productReference = 6412C7862CB407E800A0ACCD /* notificationsvc.appex */;
			productType = "com.apple.product-type.app-extension";
		};
/* End PBXNativeTarget section */

/* Begin PBXProject section */
		64019C9C2CABD81900C87402 /* Project object */ = {
			isa = PBXProject;
			attributes = {
				BuildIndependentTargetsInParallel = 1;
				LastSwiftUpdateCheck = 1540;
				LastUpgradeCheck = 1540;
				TargetAttributes = {
					64019CA32CABD81900C87402 = {
						CreatedOnToolsVersion = 15.4;
					};
					6412C7852CB407E800A0ACCD = {
						CreatedOnToolsVersion = 15.4;
					};
				};
			};
			buildConfigurationList = 64019C9F2CABD81900C87402 /* Build configuration list for PBXProject "pushExpressTest" */;
			compatibilityVersion = "Xcode 14.0";
			developmentRegion = en;
			hasScannedForEncodings = 0;
			knownRegions = (
				en,
				Base,
			);
			mainGroup = 64019C9B2CABD81900C87402;
			packageReferences = (
				64019CCE2CAC0A3F00C87402 /* XCRemoteSwiftPackageReference "pushexpress-swift-sdk" */,
			);
			productRefGroup = 64019CA52CABD81900C87402 /* Products */;
			projectDirPath = "";
			projectRoot = "";
			targets = (
				64019CA32CABD81900C87402 /* pushExpressTest */,
				6412C7852CB407E800A0ACCD /* notificationsvc */,
			);
		};
/* End PBXProject section */

/* Begin PBXResourcesBuildPhase section */
		64019CA22CABD81900C87402 /* Resources */ = {
			isa = PBXResourcesBuildPhase;
			buildActionMask = 2147483647;
			files = (
				64019CB12CABD81B00C87402 /* Assets.xcassets in Resources */,
				64019CC42CABFE9D00C87402 /* GoogleService-Info.plist in Resources */,
				64019CB42CABD81B00C87402 /* Base in Resources */,
				64019CAF2CABD81900C87402 /* Base in Resources */,
			);
			runOnlyForDeploymentPostprocessing = 0;
		};
		6412C7842CB407E800A0ACCD /* Resources */ = {
			isa = PBXResourcesBuildPhase;
			buildActionMask = 2147483647;
			files = (
			);
			runOnlyForDeploymentPostprocessing = 0;
		};
/* End PBXResourcesBuildPhase section */

/* Begin PBXShellScriptBuildPhase section */
		32138AF329F7A954C0CA7D1F /* [CP] Embed Pods Frameworks */ = {
			isa = PBXShellScriptBuildPhase;
			buildActionMask = 2147483647;
			files = (
			);
			inputFileListPaths = (
				"${PODS_ROOT}/Target Support Files/Pods-pushExpressTest/Pods-pushExpressTest-frameworks-${CONFIGURATION}-input-files.xcfilelist",
			);
			name = "[CP] Embed Pods Frameworks";
			outputFileListPaths = (
				"${PODS_ROOT}/Target Support Files/Pods-pushExpressTest/Pods-pushExpressTest-frameworks-${CONFIGURATION}-output-files.xcfilelist",
			);
			runOnlyForDeploymentPostprocessing = 0;
			shellPath = /bin/sh;
			shellScript = "\"${PODS_ROOT}/Target Support Files/Pods-pushExpressTest/Pods-pushExpressTest-frameworks.sh\"\n";
			showEnvVarsInLog = 0;
		};
		F82BAE9A9813469C0D3137BE /* [CP] Check Pods Manifest.lock */ = {
			isa = PBXShellScriptBuildPhase;
			buildActionMask = 2147483647;
			files = (
			);
			inputFileListPaths = (
			);
			inputPaths = (
				"${PODS_PODFILE_DIR_PATH}/Podfile.lock",
				"${PODS_ROOT}/Manifest.lock",
			);
			name = "[CP] Check Pods Manifest.lock";
			outputFileListPaths = (
			);
			outputPaths = (
				"$(DERIVED_FILE_DIR)/Pods-pushExpressTest-checkManifestLockResult.txt",
			);
			runOnlyForDeploymentPostprocessing = 0;
			shellPath = /bin/sh;
			shellScript = "diff \"${PODS_PODFILE_DIR_PATH}/Podfile.lock\" \"${PODS_ROOT}/Manifest.lock\" > /dev/null\nif [ $? != 0 ] ; then\n    # print error to STDERR\n    echo \"error: The sandbox is not in sync with the Podfile.lock. Run 'pod install' or update your CocoaPods installation.\" >&2\n    exit 1\nfi\n# This output is used by Xcode 'outputs' to avoid re-running this script phase.\necho \"SUCCESS\" > \"${SCRIPT_OUTPUT_FILE_0}\"\n";
			showEnvVarsInLog = 0;
		};
/* End PBXShellScriptBuildPhase section */

/* Begin PBXSourcesBuildPhase section */
		64019CA02CABD81900C87402 /* Sources */ = {
			isa = PBXSourcesBuildPhase;
			buildActionMask = 2147483647;
			files = (
				64019CAC2CABD81900C87402 /* ViewController.swift in Sources */,
				64019CA82CABD81900C87402 /* AppDelegate.swift in Sources */,
				64019CBC2CABD83000C87402 /* SwiftUIView.swift in Sources */,
				64019CAA2CABD81900C87402 /* SceneDelegate.swift in Sources */,
			);
			runOnlyForDeploymentPostprocessing = 0;
		};
		6412C7822CB407E800A0ACCD /* Sources */ = {
			isa = PBXSourcesBuildPhase;
			buildActionMask = 2147483647;
			files = (
				6412C7892CB407E800A0ACCD /* NotificationService.swift in Sources */,
			);
			runOnlyForDeploymentPostprocessing = 0;
		};
/* End PBXSourcesBuildPhase section */

/* Begin PBXTargetDependency section */
		6412C78C2CB407E800A0ACCD /* PBXTargetDependency */ = {
			isa = PBXTargetDependency;
			target = 6412C7852CB407E800A0ACCD /* notificationsvc */;
			targetProxy = 6412C78B2CB407E800A0ACCD /* PBXContainerItemProxy */;
		};
/* End PBXTargetDependency section */

/* Begin PBXVariantGroup section */
		64019CAD2CABD81900C87402 /* Main.storyboard */ = {
			isa = PBXVariantGroup;
			children = (
				64019CAE2CABD81900C87402 /* Base */,
			);
			name = Main.storyboard;
			sourceTree = "<group>";
		};
		64019CB22CABD81B00C87402 /* LaunchScreen.storyboard */ = {
			isa = PBXVariantGroup;
			children = (
				64019CB32CABD81B00C87402 /* Base */,
			);
			name = LaunchScreen.storyboard;
			sourceTree = "<group>";
		};
/* End PBXVariantGroup section */

/* Begin XCBuildConfiguration section */
		64019CB62CABD81B00C87402 /* Debug */ = {
			isa = XCBuildConfiguration;
			buildSettings = {
				ALWAYS_SEARCH_USER_PATHS = NO;
				ASSETCATALOG_COMPILER_GENERATE_SWIFT_ASSET_SYMBOL_EXTENSIONS = YES;
				CLANG_ANALYZER_NONNULL = YES;
				CLANG_ANALYZER_NUMBER_OBJECT_CONVERSION = YES_AGGRESSIVE;
				CLANG_CXX_LANGUAGE_STANDARD = "gnu++20";
				CLANG_ENABLE_MODULES = YES;
				CLANG_ENABLE_OBJC_ARC = YES;
				CLANG_ENABLE_OBJC_WEAK = YES;
				CLANG_WARN_BLOCK_CAPTURE_AUTORELEASING = YES;
				CLANG_WARN_BOOL_CONVERSION = YES;
				CLANG_WARN_COMMA = YES;
				CLANG_WARN_CONSTANT_CONVERSION = YES;
				CLANG_WARN_DEPRECATED_OBJC_IMPLEMENTATIONS = YES;
				CLANG_WARN_DIRECT_OBJC_ISA_USAGE = YES_ERROR;
				CLANG_WARN_DOCUMENTATION_COMMENTS = YES;
				CLANG_WARN_EMPTY_BODY = YES;
				CLANG_WARN_ENUM_CONVERSION = YES;
				CLANG_WARN_INFINITE_RECURSION = YES;
				CLANG_WARN_INT_CONVERSION = YES;
				CLANG_WARN_NON_LITERAL_NULL_CONVERSION = YES;
				CLANG_WARN_OBJC_IMPLICIT_RETAIN_SELF = YES;
				CLANG_WARN_OBJC_LITERAL_CONVERSION = YES;
				CLANG_WARN_OBJC_ROOT_CLASS = YES_ERROR;
				CLANG_WARN_QUOTED_INCLUDE_IN_FRAMEWORK_HEADER = YES;
				CLANG_WARN_RANGE_LOOP_ANALYSIS = YES;
				CLANG_WARN_STRICT_PROTOTYPES = YES;
				CLANG_WARN_SUSPICIOUS_MOVE = YES;
				CLANG_WARN_UNGUARDED_AVAILABILITY = YES_AGGRESSIVE;
				CLANG_WARN_UNREACHABLE_CODE = YES;
				CLANG_WARN__DUPLICATE_METHOD_MATCH = YES;
				COPY_PHASE_STRIP = NO;
				DEBUG_INFORMATION_FORMAT = dwarf;
				ENABLE_STRICT_OBJC_MSGSEND = YES;
				ENABLE_TESTABILITY = YES;
				ENABLE_USER_SCRIPT_SANDBOXING = NO;
				GCC_C_LANGUAGE_STANDARD = gnu17;
				GCC_DYNAMIC_NO_PIC = NO;
				GCC_NO_COMMON_BLOCKS = YES;
				GCC_OPTIMIZATION_LEVEL = 0;
				GCC_PREPROCESSOR_DEFINITIONS = (
					"DEBUG=1",
					"$(inherited)",
				);
				GCC_WARN_64_TO_32_BIT_CONVERSION = YES;
				GCC_WARN_ABOUT_RETURN_TYPE = YES_ERROR;
				GCC_WARN_UNDECLARED_SELECTOR = YES;
				GCC_WARN_UNINITIALIZED_AUTOS = YES_AGGRESSIVE;
				GCC_WARN_UNUSED_FUNCTION = YES;
				GCC_WARN_UNUSED_VARIABLE = YES;
				IPHONEOS_DEPLOYMENT_TARGET = 17.5;
				LOCALIZATION_PREFERS_STRING_CATALOGS = YES;
				MTL_ENABLE_DEBUG_INFO = INCLUDE_SOURCE;
				MTL_FAST_MATH = YES;
				ONLY_ACTIVE_ARCH = YES;
				SDKROOT = iphoneos;
				SWIFT_ACTIVE_COMPILATION_CONDITIONS = "DEBUG $(inherited)";
				SWIFT_OPTIMIZATION_LEVEL = "-Onone";
			};
			name = Debug;
		};
		64019CB72CABD81B00C87402 /* Release */ = {
			isa = XCBuildConfiguration;
			buildSettings = {
				ALWAYS_SEARCH_USER_PATHS = NO;
				ASSETCATALOG_COMPILER_GENERATE_SWIFT_ASSET_SYMBOL_EXTENSIONS = YES;
				CLANG_ANALYZER_NONNULL = YES;
				CLANG_ANALYZER_NUMBER_OBJECT_CONVERSION = YES_AGGRESSIVE;
				CLANG_CXX_LANGUAGE_STANDARD = "gnu++20";
				CLANG_ENABLE_MODULES = YES;
				CLANG_ENABLE_OBJC_ARC = YES;
				CLANG_ENABLE_OBJC_WEAK = YES;
				CLANG_WARN_BLOCK_CAPTURE_AUTORELEASING = YES;
				CLANG_WARN_BOOL_CONVERSION = YES;
				CLANG_WARN_COMMA = YES;
				CLANG_WARN_CONSTANT_CONVERSION = YES;
				CLANG_WARN_DEPRECATED_OBJC_IMPLEMENTATIONS = YES;
				CLANG_WARN_DIRECT_OBJC_ISA_USAGE = YES_ERROR;
				CLANG_WARN_DOCUMENTATION_COMMENTS = YES;
				CLANG_WARN_EMPTY_BODY = YES;
				CLANG_WARN_ENUM_CONVERSION = YES;
				CLANG_WARN_INFINITE_RECURSION = YES;
				CLANG_WARN_INT_CONVERSION = YES;
				CLANG_WARN_NON_LITERAL_NULL_CONVERSION = YES;
				CLANG_WARN_OBJC_IMPLICIT_RETAIN_SELF = YES;
				CLANG_WARN_OBJC_LITERAL_CONVERSION = YES;
				CLANG_WARN_OBJC_ROOT_CLASS = YES_ERROR;
				CLANG_WARN_QUOTED_INCLUDE_IN_FRAMEWORK_HEADER = YES;
				CLANG_WARN_RANGE_LOOP_ANALYSIS = YES;
				CLANG_WARN_STRICT_PROTOTYPES = YES;
				CLANG_WARN_SUSPICIOUS_MOVE = YES;
				CLANG_WARN_UNGUARDED_AVAILABILITY = YES_AGGRESSIVE;
				CLANG_WARN_UNREACHABLE_CODE = YES;
				CLANG_WARN__DUPLICATE_METHOD_MATCH = YES;
				COPY_PHASE_STRIP = NO;
				DEBUG_INFORMATION_FORMAT = "dwarf-with-dsym";
				ENABLE_NS_ASSERTIONS = NO;
				ENABLE_STRICT_OBJC_MSGSEND = YES;
				ENABLE_USER_SCRIPT_SANDBOXING = NO;
				GCC_C_LANGUAGE_STANDARD = gnu17;
				GCC_NO_COMMON_BLOCKS = YES;
				GCC_WARN_64_TO_32_BIT_CONVERSION = YES;
				GCC_WARN_ABOUT_RETURN_TYPE = YES_ERROR;
				GCC_WARN_UNDECLARED_SELECTOR = YES;
				GCC_WARN_UNINITIALIZED_AUTOS = YES_AGGRESSIVE;
				GCC_WARN_UNUSED_FUNCTION = YES;
				GCC_WARN_UNUSED_VARIABLE = YES;
				IPHONEOS_DEPLOYMENT_TARGET = 17.5;
				LOCALIZATION_PREFERS_STRING_CATALOGS = YES;
				MTL_ENABLE_DEBUG_INFO = NO;
				MTL_FAST_MATH = YES;
				SDKROOT = iphoneos;
				SWIFT_COMPILATION_MODE = wholemodule;
				VALIDATE_PRODUCT = YES;
			};
			name = Release;
		};
		64019CB92CABD81B00C87402 /* Debug */ = {
			isa = XCBuildConfiguration;
			baseConfigurationReference = 31A1C0B70654355D7613C0BF /* Pods-pushExpressTest.debug.xcconfig */;
			buildSettings = {
				ALWAYS_EMBED_SWIFT_STANDARD_LIBRARIES = YES;
				ASSETCATALOG_COMPILER_APPICON_NAME = AppIcon;
				ASSETCATALOG_COMPILER_GLOBAL_ACCENT_COLOR_NAME = AccentColor;
				CODE_SIGN_ENTITLEMENTS = pushExpressTest/pushExpressTest.entitlements;
				CODE_SIGN_IDENTITY = "Apple Development";
				"CODE_SIGN_IDENTITY[sdk=iphoneos*]" = "iPhone Distribution";
				CODE_SIGN_STYLE = Manual;
				CURRENT_PROJECT_VERSION = 1;
				DEVELOPMENT_TEAM = "";
				"DEVELOPMENT_TEAM[sdk=iphoneos*]" = K6WM5M29R2;
				GENERATE_INFOPLIST_FILE = YES;
				INFOPLIST_FILE = pushExpressTest/Info.plist;
				INFOPLIST_KEY_UIApplicationSupportsIndirectInputEvents = YES;
				INFOPLIST_KEY_UILaunchStoryboardName = LaunchScreen;
				INFOPLIST_KEY_UIMainStoryboardFile = Main;
				INFOPLIST_KEY_UISupportedInterfaceOrientations = UIInterfaceOrientationPortrait;
				INFOPLIST_KEY_UISupportedInterfaceOrientations_iPad = "UIInterfaceOrientationLandscapeLeft UIInterfaceOrientationLandscapeRight UIInterfaceOrientationPortrait UIInterfaceOrientationPortraitUpsideDown";
				IPHONEOS_DEPLOYMENT_TARGET = 16.0;
				LD_RUNPATH_SEARCH_PATHS = (
					"$(inherited)",
					"@executable_path/Frameworks",
				);
				MARKETING_VERSION = 1.0.1;
				PRODUCT_BUNDLE_IDENTIFIER = com.pushExpressTesteroid;
				PRODUCT_NAME = "$(TARGET_NAME)";
				PROVISIONING_PROFILE_SPECIFIER = "";
				"PROVISIONING_PROFILE_SPECIFIER[sdk=iphoneos*]" = PushProvi;
				SUPPORTED_PLATFORMS = "iphoneos iphonesimulator";
				SUPPORTS_MACCATALYST = NO;
				SUPPORTS_MAC_DESIGNED_FOR_IPHONE_IPAD = NO;
				SUPPORTS_XR_DESIGNED_FOR_IPHONE_IPAD = NO;
				SWIFT_EMIT_LOC_STRINGS = YES;
				SWIFT_VERSION = 5.0;
				TARGETED_DEVICE_FAMILY = 1;
			};
			name = Debug;
		};
		64019CBA2CABD81B00C87402 /* Release */ = {
			isa = XCBuildConfiguration;
			baseConfigurationReference = 4930842A1FB7ED0C05E48158 /* Pods-pushExpressTest.release.xcconfig */;
			buildSettings = {
				ALWAYS_EMBED_SWIFT_STANDARD_LIBRARIES = YES;
				ASSETCATALOG_COMPILER_APPICON_NAME = AppIcon;
				ASSETCATALOG_COMPILER_GLOBAL_ACCENT_COLOR_NAME = AccentColor;
				CODE_SIGN_ENTITLEMENTS = pushExpressTest/pushExpressTest.entitlements;
				CODE_SIGN_IDENTITY = "Apple Development";
				"CODE_SIGN_IDENTITY[sdk=iphoneos*]" = "iPhone Distribution";
				CODE_SIGN_STYLE = Manual;
				CURRENT_PROJECT_VERSION = 1;
				DEVELOPMENT_TEAM = "";
				"DEVELOPMENT_TEAM[sdk=iphoneos*]" = K6WM5M29R2;
				GENERATE_INFOPLIST_FILE = YES;
				INFOPLIST_FILE = pushExpressTest/Info.plist;
				INFOPLIST_KEY_UIApplicationSupportsIndirectInputEvents = YES;
				INFOPLIST_KEY_UILaunchStoryboardName = LaunchScreen;
				INFOPLIST_KEY_UIMainStoryboardFile = Main;
				INFOPLIST_KEY_UISupportedInterfaceOrientations = UIInterfaceOrientationPortrait;
				INFOPLIST_KEY_UISupportedInterfaceOrientations_iPad = "UIInterfaceOrientationLandscapeLeft UIInterfaceOrientationLandscapeRight UIInterfaceOrientationPortrait UIInterfaceOrientationPortraitUpsideDown";
				IPHONEOS_DEPLOYMENT_TARGET = 16.0;
				LD_RUNPATH_SEARCH_PATHS = (
					"$(inherited)",
					"@executable_path/Frameworks",
				);
				MARKETING_VERSION = 1.0.1;
				PRODUCT_BUNDLE_IDENTIFIER = com.pushExpressTesteroid;
				PRODUCT_NAME = "$(TARGET_NAME)";
				PROVISIONING_PROFILE_SPECIFIER = "";
				"PROVISIONING_PROFILE_SPECIFIER[sdk=iphoneos*]" = PushProvi;
				SUPPORTED_PLATFORMS = "iphoneos iphonesimulator";
				SUPPORTS_MACCATALYST = NO;
				SUPPORTS_MAC_DESIGNED_FOR_IPHONE_IPAD = NO;
				SUPPORTS_XR_DESIGNED_FOR_IPHONE_IPAD = NO;
				SWIFT_EMIT_LOC_STRINGS = YES;
				SWIFT_VERSION = 5.0;
				TARGETED_DEVICE_FAMILY = 1;
			};
			name = Release;
		};
		6412C78F2CB407E800A0ACCD /* Debug */ = {
			isa = XCBuildConfiguration;
			buildSettings = {
				CODE_SIGN_IDENTITY = "Apple Development";
				"CODE_SIGN_IDENTITY[sdk=iphoneos*]" = "iPhone Distribution";
				CODE_SIGN_STYLE = Manual;
				CURRENT_PROJECT_VERSION = 1;
				DEVELOPMENT_TEAM = "";
				"DEVELOPMENT_TEAM[sdk=iphoneos*]" = K6WM5M29R2;
				ENABLE_USER_SCRIPT_SANDBOXING = YES;
				GENERATE_INFOPLIST_FILE = YES;
				INFOPLIST_FILE = notificationsvc/Info.plist;
				INFOPLIST_KEY_CFBundleDisplayName = notificationsvc;
				INFOPLIST_KEY_NSHumanReadableCopyright = "";
				IPHONEOS_DEPLOYMENT_TARGET = 16.0;
				LD_RUNPATH_SEARCH_PATHS = (
					"$(inherited)",
					"@executable_path/Frameworks",
					"@executable_path/../../Frameworks",
				);
				MARKETING_VERSION = 1.0;
				PRODUCT_BUNDLE_IDENTIFIER = com.pushExpressTesteroid.notificationsvc;
				PRODUCT_NAME = "$(TARGET_NAME)";
				PROVISIONING_PROFILE_SPECIFIER = "";
				"PROVISIONING_PROFILE_SPECIFIER[sdk=iphoneos*]" = "PushExpress Extension Provi";
				SKIP_INSTALL = YES;
				SUPPORTED_PLATFORMS = "iphoneos iphonesimulator";
				SUPPORTS_MACCATALYST = NO;
				SUPPORTS_MAC_DESIGNED_FOR_IPHONE_IPAD = NO;
				SUPPORTS_XR_DESIGNED_FOR_IPHONE_IPAD = NO;
				SWIFT_EMIT_LOC_STRINGS = YES;
				SWIFT_VERSION = 5.0;
				TARGETED_DEVICE_FAMILY = 1;
			};
			name = Debug;
		};
		6412C7902CB407E800A0ACCD /* Release */ = {
			isa = XCBuildConfiguration;
			buildSettings = {
				CODE_SIGN_IDENTITY = "Apple Development";
				"CODE_SIGN_IDENTITY[sdk=iphoneos*]" = "iPhone Distribution";
				CODE_SIGN_STYLE = Manual;
				CURRENT_PROJECT_VERSION = 1;
				DEVELOPMENT_TEAM = "";
				"DEVELOPMENT_TEAM[sdk=iphoneos*]" = K6WM5M29R2;
				ENABLE_USER_SCRIPT_SANDBOXING = YES;
				GENERATE_INFOPLIST_FILE = YES;
				INFOPLIST_FILE = notificationsvc/Info.plist;
				INFOPLIST_KEY_CFBundleDisplayName = notificationsvc;
				INFOPLIST_KEY_NSHumanReadableCopyright = "";
				IPHONEOS_DEPLOYMENT_TARGET = 16.0;
				LD_RUNPATH_SEARCH_PATHS = (
					"$(inherited)",
					"@executable_path/Frameworks",
					"@executable_path/../../Frameworks",
				);
				MARKETING_VERSION = 1.0;
				PRODUCT_BUNDLE_IDENTIFIER = com.pushExpressTesteroid.notificationsvc;
				PRODUCT_NAME = "$(TARGET_NAME)";
				PROVISIONING_PROFILE_SPECIFIER = "";
				"PROVISIONING_PROFILE_SPECIFIER[sdk=iphoneos*]" = "PushExpress Extension Provi";
				SKIP_INSTALL = YES;
				SUPPORTED_PLATFORMS = "iphoneos iphonesimulator";
				SUPPORTS_MACCATALYST = NO;
				SUPPORTS_MAC_DESIGNED_FOR_IPHONE_IPAD = NO;
				SUPPORTS_XR_DESIGNED_FOR_IPHONE_IPAD = NO;
				SWIFT_EMIT_LOC_STRINGS = YES;
				SWIFT_VERSION = 5.0;
				TARGETED_DEVICE_FAMILY = 1;
			};
			name = Release;
		};
/* End XCBuildConfiguration section */

/* Begin XCConfigurationList section */
		64019C9F2CABD81900C87402 /* Build configuration list for PBXProject "pushExpressTest" */ = {
			isa = XCConfigurationList;
			buildConfigurations = (
				64019CB62CABD81B00C87402 /* Debug */,
				64019CB72CABD81B00C87402 /* Release */,
			);
			defaultConfigurationIsVisible = 0;
			defaultConfigurationName = Release;
		};
		64019CB82CABD81B00C87402 /* Build configuration list for PBXNativeTarget "pushExpressTest" */ = {
			isa = XCConfigurationList;
			buildConfigurations = (
				64019CB92CABD81B00C87402 /* Debug */,
				64019CBA2CABD81B00C87402 /* Release */,
			);
			defaultConfigurationIsVisible = 0;
			defaultConfigurationName = Release;
		};
		6412C78E2CB407E800A0ACCD /* Build configuration list for PBXNativeTarget "notificationsvc" */ = {
			isa = XCConfigurationList;
			buildConfigurations = (
				6412C78F2CB407E800A0ACCD /* Debug */,
				6412C7902CB407E800A0ACCD /* Release */,
			);
			defaultConfigurationIsVisible = 0;
			defaultConfigurationName = Release;
		};
/* End XCConfigurationList section */

/* Begin XCRemoteSwiftPackageReference section */
		64019CCE2CAC0A3F00C87402 /* XCRemoteSwiftPackageReference "pushexpress-swift-sdk" */ = {
			isa = XCRemoteSwiftPackageReference;
			repositoryURL = "https://github.com/pushexpress/pushexpress-swift-sdk";
			requirement = {
				branch = main;
				kind = branch;
			};
		};
/* End XCRemoteSwiftPackageReference section */

/* Begin XCSwiftPackageProductDependency section */
		64019CCF2CAC0A3F00C87402 /* SdkPushExpress */ = {
			isa = XCSwiftPackageProductDependency;
			package = 64019CCE2CAC0A3F00C87402 /* XCRemoteSwiftPackageReference "pushexpress-swift-sdk" */;
			productName = SdkPushExpress;
		};
		6412C7912CB4080000A0ACCD /* SdkPushExpress */ = {
			isa = XCSwiftPackageProductDependency;
			package = 64019CCE2CAC0A3F00C87402 /* XCRemoteSwiftPackageReference "pushexpress-swift-sdk" */;
			productName = SdkPushExpress;
		};
/* End XCSwiftPackageProductDependency section */
	};
	rootObject = 64019C9C2CABD81900C87402 /* Project object */;
}
