{
  "originHash" : "4c2c7e5790073b07c0dc37ab53124cf2996fb27c3e0a29209a1cd01ea704d387",
  "pins" : [
    {
      "identity" : "pushexpress-swift-sdk",
      "kind" : "remoteSourceControl",
      "location" : "https://github.com/pushexpress/pushexpress-swift-sdk",
      "state" : {
        "branch" : "main",
        "revision" : "e3642f1b37b4e2729af501c4578d9f3ccf8ddd81"
      }
    }
  ],
  "version" : 3
}
